
Microsoft Visual Studio Solution File, Format Version 12.00
# Visual Studio 15
VisualStudioVersion = 15.0.28307.329
MinimumVisualStudioVersion = 10.0.40219.1
Project("{9A19103F-16F7-4668-BE54-9A1E7A4F7556}") = "RestrictedCallDate", "RestrictedCallDate\RestrictedCallDate.csproj", "{8926FF98-CA6F-493F-B9BB-B8172612D044}"
EndProject
Project("{9A19103F-16F7-4668-BE54-9A1E7A4F7556}") = "RestrictedCallDateTest", "RestrictedCallDateTest\RestrictedCallDateTest.csproj", "{451CD4D6-592A-4769-9EB7-093AE5CB0CA6}"
EndProject
Global
	GlobalSection(SolutionConfigurationPlatforms) = preSolution
		Debug|Any CPU = Debug|Any CPU
		Release|Any CPU = Release|Any CPU
	EndGlobalSection
	GlobalSection(ProjectConfigurationPlatforms) = postSolution
		{8926FF98-CA6F-493F-B9BB-B8172612D044}.Debug|Any CPU.ActiveCfg = Debug|Any CPU
		{8926FF98-CA6F-493F-B9BB-B8172612D044}.Debug|Any CPU.Build.0 = Debug|Any CPU
		{8926FF98-CA6F-493F-B9BB-B8172612D044}.Release|Any CPU.ActiveCfg = Release|Any CPU
		{8926FF98-CA6F-493F-B9BB-B8172612D044}.Release|Any CPU.Build.0 = Release|Any CPU
		{451CD4D6-592A-4769-9EB7-093AE5CB0CA6}.Debug|Any CPU.ActiveCfg = Debug|Any CPU
		{451CD4D6-592A-4769-9EB7-093AE5CB0CA6}.Debug|Any CPU.Build.0 = Debug|Any CPU
		{451CD4D6-592A-4769-9EB7-093AE5CB0CA6}.Release|Any CPU.ActiveCfg = Release|Any CPU
		{451CD4D6-592A-4769-9EB7-093AE5CB0CA6}.Release|Any CPU.Build.0 = Release|Any CPU
	EndGlobalSection
	GlobalSection(SolutionProperties) = preSolution
		HideSolutionNode = FALSE
	EndGlobalSection
	GlobalSection(ExtensibilityGlobals) = postSolution
		SolutionGuid = {3A489DF2-9A3D-4121-93F3-5BEB95EAA203}
	EndGlobalSection
EndGlobal
